schema: '2.0'
stages:
  data_ingestion:
    cmd: python src/data/data_ingestion.py
    deps:
    - path: src/data/data_ingestion.py
      hash: md5
      md5: e90d6dc6ff3368be83ccad8b771c0aac
      size: 6863
    params:
      params.yaml:
        data_ingestion.random_state: 42
        data_ingestion.stratify: true
        data_ingestion.test_size: 0.2
    outs:
    - path: data/raw/test.csv
      hash: md5
      md5: 7543dc2bae90db8be7d7066e45bf6f2f
      size: 1339353
    - path: data/raw/train.csv
      hash: md5
      md5: 9f24dbb77b14e2a6d92dc568d093286e
      size: 5580348
  data_preprocessing:
    cmd: python src/data/data_preprocessing.py
    deps:
    - path: data/raw/test.csv
      hash: md5
      md5: 7543dc2bae90db8be7d7066e45bf6f2f
      size: 1339353
    - path: data/raw/train.csv
      hash: md5
      md5: 9f24dbb77b14e2a6d92dc568d093286e
      size: 5580348
    - path: src/data/data_preprocessing.py
      hash: md5
      md5: ad960b4d5023dc0db676102af6228e11
      size: 9759
    params:
      params.yaml:
        text_preprocessing.lemmatization: true
        text_preprocessing.lowercase: true
        text_preprocessing.remove_punctuation: true
        text_preprocessing.remove_stopwords: true
    outs:
    - path: data/interim/test_processed.csv
      hash: md5
      md5: a48e20629d3a8afb977765d088e84411
      size: 1328954
    - path: data/interim/train_processed.csv
      hash: md5
      md5: eaf9950af2e48083c78566686715e541
      size: 5538470
  model_building:
    cmd: python src/model/model_building.py
    deps:
    - path: data/interim/train_processed.csv
      hash: md5
      md5: eaf9950af2e48083c78566686715e541
      size: 5538470
    - path: src/model/model_building.py
      hash: md5
      md5: 7bcdf9df34796ec2b2c259d29a8f5c37
      size: 12535
    params:
      params.yaml:
        feature_engineering.max_df: 1.0
        feature_engineering.max_features: 1000
        feature_engineering.min_df: 1
        feature_engineering.ngram_range:
        - 1
        - 2
        feature_engineering.sublinear_tf: false
        feature_engineering.use_idf: true
        feature_engineering.vectorizer_type: TfidfVectorizer
        imbalance_handling.method: adasyn
        imbalance_handling.random_state: 42
        model_building.colsample_bytree: 0.6691021439526331
        model_building.learning_rate: 0.18918009986816445
        model_building.max_depth: 5
        model_building.min_child_samples: 5
        model_building.min_split_gain: 0.15980739765326024
        model_building.model_type: LightGBM
        model_building.n_estimators: 282
        model_building.n_jobs: -1
        model_building.num_leaves: 23
        model_building.random_state: 42
        model_building.reg_alpha: 4.959913257818725e-08
        model_building.reg_lambda: 4.974689304807198e-05
        model_building.subsample: 0.7735411813855708
        model_building.verbose: -1
    outs:
    - path: models/lightgbm_model.pkl
      hash: md5
      md5: 5443dd95cfb3b9fdd270e8cac30e3015
      size: 1539305
    - path: models/lightgbm_model.txt
      hash: md5
      md5: 23b7f252b5825dd782060b050a0c066d
      size: 1537433
    - path: models/tfidf_vectorizer.pkl
      hash: md5
      md5: 8d9efdbd2cc7908e9154de2a1c58d37e
      size: 36806
  model_evaluation:
    cmd: python src/model/model_evaluation.py
    deps:
    - path: data/interim/test_processed.csv
      hash: md5
      md5: a48e20629d3a8afb977765d088e84411
      size: 1328954
    - path: data/interim/train_processed.csv
      hash: md5
      md5: eaf9950af2e48083c78566686715e541
      size: 5538470
    - path: models/lightgbm_model.pkl
      hash: md5
      md5: 5443dd95cfb3b9fdd270e8cac30e3015
      size: 1539305
    - path: models/tfidf_vectorizer.pkl
      hash: md5
      md5: 8d9efdbd2cc7908e9154de2a1c58d37e
      size: 36806
    - path: src/model/model_evaluation.py
      hash: md5
      md5: f630bfdd5f76ae0d6e0113c460ab29f2
      size: 24027
    params:
      params.yaml:
        model_evaluation.cv_folds: 5
        model_evaluation.cv_random_state: 42
        model_evaluation.cv_shuffle: true
        model_evaluation.metrics:
        - accuracy
        - precision_weighted
        - precision_macro
        - recall_weighted
        - recall_macro
        - f1_weighted
        - f1_macro
        model_evaluation.track_per_class: true
    outs:
    - path: metrics/metrics.json
      hash: md5
      md5: 164cb9ea011cee9dcadfae74905c4a85
      size: 268
    - path: plots/confusion_matrix.png
      hash: md5
      md5: 31a77676147dc9c96a6a71d173932e66
      size: 83902
    - path: plots/confusion_matrix_normalized.png
      hash: md5
      md5: 77f26e58aaf920b6c9e63e70cff2dd0f
      size: 108629
    - path: plots/feature_importance.png
      hash: md5
      md5: 88d1e4b9b4756a461c3ff5cf61dd52da
      size: 100175
    - path: plots/per_class_performance.png
      hash: md5
      md5: e96ea8f1bf6fe21aa1e9fa5f9ccf5e31
      size: 75592
    - path: reports/classification_report.txt
      hash: md5
      md5: fedc4b19c550eb2b92b5d2eeffa49fa0
      size: 702
    - path: reports/experiment_info.json
      hash: md5
      md5: 4af6f6f4c8ab1fc312ff5f7e1d206de7
      size: 674
  model_registration:
    cmd: python src/model/register_model.py
    deps:
    - path: reports/experiment_info.json
      hash: md5
      md5: 4af6f6f4c8ab1fc312ff5f7e1d206de7
      size: 674
    - path: src/model/register_model.py
      hash: md5
      md5: 0ba8b926149ff0cc5afd3f5024cd4da7
      size: 14125
    params:
      params.yaml:
        deployment.model_name: final_lightgbm_adasyn_model
        deployment.model_version: 1.0.0
        deployment.production_ready: true
        mlflow.experiment_name: Final Model Evaluation - LightGBM ADASYN
        mlflow.tracking_uri: 
          http://ec2-54-211-18-166.compute-1.amazonaws.com:5000/
    outs:
    - path: reports/model_registry_info.json
      hash: md5
      md5: 526bf46fc090352291219c6ff4928ccf
      size: 1237
