schema: '2.0'
stages:
  data_ingestion:
    cmd: python src/data/data_ingestion.py
    deps:
    - path: src/data/data_ingestion.py
      hash: md5
      md5: e90d6dc6ff3368be83ccad8b771c0aac
      size: 6863
    params:
      params.yaml:
        data_ingestion.random_state: 42
        data_ingestion.stratify: true
        data_ingestion.test_size: 0.2
    outs:
    - path: data/raw/test.csv
      hash: md5
      md5: 7543dc2bae90db8be7d7066e45bf6f2f
      size: 1339353
    - path: data/raw/train.csv
      hash: md5
      md5: 9f24dbb77b14e2a6d92dc568d093286e
      size: 5580348
  data_preprocessing:
    cmd: python src/data/data_preprocessing.py
    deps:
    - path: data/raw/test.csv
      hash: md5
      md5: 7543dc2bae90db8be7d7066e45bf6f2f
      size: 1339353
    - path: data/raw/train.csv
      hash: md5
      md5: 9f24dbb77b14e2a6d92dc568d093286e
      size: 5580348
    - path: src/data/data_preprocessing.py
      hash: md5
      md5: 72230a5c6ce8995e34c9a89f5c94c98e
      size: 9172
    params:
      params.yaml:
        text_preprocessing.lemmatization: true
        text_preprocessing.lowercase: true
        text_preprocessing.remove_punctuation: true
        text_preprocessing.remove_stopwords: true
    outs:
    - path: data/interim/test_processed.csv
      hash: md5
      md5: 40842f9ce21e23bc13bfcbc2684150e2
      size: 1330604
    - path: data/interim/train_processed.csv
      hash: md5
      md5: 5ce2d83e1c83b5d9eb67379aef37171f
      size: 5545070
  model_building:
    cmd: python src/model/model_building.py
    deps:
    - path: data/interim/train_processed.csv
      hash: md5
      md5: 5ce2d83e1c83b5d9eb67379aef37171f
      size: 5545070
    - path: src/model/model_building.py
      hash: md5
      md5: 8f7f7753fcc66ff95474e17619fc29d1
      size: 11995
    params:
      params.yaml:
        model_building.C: 0.23098248082428105
        model_building.class_weight: balanced
        model_building.dual: false
        model_building.loss: squared_hinge
        model_building.max_iter: 1000
        model_building.model_type: LinearSVC
        model_building.penalty: l1
        model_building.random_state: 42
        model_building.tol: 9.868483511694041e-05
    outs:
    - path: models/linearsvc_model.pkl
      hash: md5
      md5: 26a20ce97dd29b954ed393ced679ac2f
      size: 24634
    - path: models/tfidf_vectorizer.pkl
      hash: md5
      md5: e69bbe0843279dc02c9b419375e9a28d
      size: 36806
